
Microsoft Visual Studio Solution File, Format Version 12.00
# Visual Studio Version 16
VisualStudioVersion = 16.0.29102.190
MinimumVisualStudioVersion = 10.0.40219.1
Project("{FAE04EC0-301F-11D3-BF4B-00C04F79EFBC}") = "SimpleTazing", "SimpleTazing.csproj", "{CB189E3E-C479-4AD4-B634-3AC51EA83DCF}"
EndProject
Global
	GlobalSection(SolutionConfigurationPlatforms) = preSolution
		Debug|Any CPU = Debug|Any CPU
		Release|Any CPU = Release|Any CPU
	EndGlobalSection
	GlobalSection(ProjectConfigurationPlatforms) = postSolution
		{CB189E3E-C479-4AD4-B634-3AC51EA83DCF}.Debug|Any CPU.ActiveCfg = Debug|Any CPU
		{CB189E3E-C479-4AD4-B634-3AC51EA83DCF}.Debug|Any CPU.Build.0 = Debug|Any CPU
		{CB189E3E-C479-4AD4-B634-3AC51EA83DCF}.Release|Any CPU.ActiveCfg = Release|Any CPU
		{CB189E3E-C479-4AD4-B634-3AC51EA83DCF}.Release|Any CPU.Build.0 = Release|Any CPU
	EndGlobalSection
	GlobalSection(SolutionProperties) = preSolution
		HideSolutionNode = FALSE
	EndGlobalSection
	GlobalSection(ExtensibilityGlobals) = postSolution
		SolutionGuid = {1B4FE668-22D0-4869-B33B-D781C939B69F}
	EndGlobalSection
EndGlobal
